// !$*UTF8*$!
{
	archiveVersion = 1;
	classes = {
	};
	objectVersion = 56;
	objects = {

/* Begin PBXBuildFile section */
		383D47252B378239001CA891 /* MemoryGame.swift in Sources */ = {isa = PBXBuildFile; fileRef = 383D47242B378239001CA891 /* MemoryGame.swift */; };
		383D47272B3784AE001CA891 /* EmojiMemoryGame.swift in Sources */ = {isa = PBXBuildFile; fileRef = 383D47262B3784AE001CA891 /* EmojiMemoryGame.swift */; };
		384900792B73858D00B7A8A9 /* ColorRGBA.swift in Sources */ = {isa = PBXBuildFile; fileRef = 384900782B73858D00B7A8A9 /* ColorRGBA.swift */; };
		3849007B2B73869C00B7A8A9 /* Extensions+Color+Array.swift in Sources */ = {isa = PBXBuildFile; fileRef = 3849007A2B73869C00B7A8A9 /* Extensions+Color+Array.swift */; };
		3849007D2B73887E00B7A8A9 /* Theme.swift in Sources */ = {isa = PBXBuildFile; fileRef = 3849007C2B73887E00B7A8A9 /* Theme.swift */; };
		3849007F2B73AFFE00B7A8A9 /* ThemeStore.swift in Sources */ = {isa = PBXBuildFile; fileRef = 3849007E2B73AFFE00B7A8A9 /* ThemeStore.swift */; };
		384900822B73EAD900B7A8A9 /* ThemeChooser.swift in Sources */ = {isa = PBXBuildFile; fileRef = 384900812B73EAD900B7A8A9 /* ThemeChooser.swift */; };
		384900852B7437C100B7A8A9 /* ThemeEditor.swift in Sources */ = {isa = PBXBuildFile; fileRef = 384900842B7437C100B7A8A9 /* ThemeEditor.swift */; };
		386648112B3070CF0048D742 /* MemorizeApp.swift in Sources */ = {isa = PBXBuildFile; fileRef = 386648102B3070CF0048D742 /* MemorizeApp.swift */; };
		386648132B3070CF0048D742 /* EmojiMemoryGameView.swift in Sources */ = {isa = PBXBuildFile; fileRef = 386648122B3070CF0048D742 /* EmojiMemoryGameView.swift */; };
		386648152B3070D10048D742 /* Assets.xcassets in Resources */ = {isa = PBXBuildFile; fileRef = 386648142B3070D10048D742 /* Assets.xcassets */; };
		386648182B3070D10048D742 /* Preview Assets.xcassets in Resources */ = {isa = PBXBuildFile; fileRef = 386648172B3070D10048D742 /* Preview Assets.xcassets */; };
		38CC6AE22B82ADA10097A878 /* FlyingNumber.swift in Sources */ = {isa = PBXBuildFile; fileRef = 38CC6AE12B82ADA10097A878 /* FlyingNumber.swift */; };
		38CC6AE42B82B0EE0097A878 /* Cardify.swift in Sources */ = {isa = PBXBuildFile; fileRef = 38CC6AE32B82B0EE0097A878 /* Cardify.swift */; };
		38CC6AE62B82B3680097A878 /* Pie.swift in Sources */ = {isa = PBXBuildFile; fileRef = 38CC6AE52B82B3680097A878 /* Pie.swift */; };
		38E2B5D62B83F7600008C3E4 /* CardView.swift in Sources */ = {isa = PBXBuildFile; fileRef = 38E2B5D52B83F7600008C3E4 /* CardView.swift */; };
		38E2B5D82B83FF640008C3E4 /* AspectVGrid.swift in Sources */ = {isa = PBXBuildFile; fileRef = 38E2B5D72B83FF640008C3E4 /* AspectVGrid.swift */; };
/* End PBXBuildFile section */

/* Begin PBXFileReference section */
		383D47242B378239001CA891 /* MemoryGame.swift */ = {isa = PBXFileReference; lastKnownFileType = sourcecode.swift; path = MemoryGame.swift; sourceTree = "<group>"; };
		383D47262B3784AE001CA891 /* EmojiMemoryGame.swift */ = {isa = PBXFileReference; lastKnownFileType = sourcecode.swift; path = EmojiMemoryGame.swift; sourceTree = "<group>"; };
		384900782B73858D00B7A8A9 /* ColorRGBA.swift */ = {isa = PBXFileReference; lastKnownFileType = sourcecode.swift; path = ColorRGBA.swift; sourceTree = "<group>"; };
		3849007A2B73869C00B7A8A9 /* Extensions+Color+Array.swift */ = {isa = PBXFileReference; lastKnownFileType = sourcecode.swift; path = "Extensions+Color+Array.swift"; sourceTree = "<group>"; };
		3849007C2B73887E00B7A8A9 /* Theme.swift */ = {isa = PBXFileReference; lastKnownFileType = sourcecode.swift; path = Theme.swift; sourceTree = "<group>"; };
		3849007E2B73AFFE00B7A8A9 /* ThemeStore.swift */ = {isa = PBXFileReference; lastKnownFileType = sourcecode.swift; path = ThemeStore.swift; sourceTree = "<group>"; };
		384900812B73EAD900B7A8A9 /* ThemeChooser.swift */ = {isa = PBXFileReference; lastKnownFileType = sourcecode.swift; path = ThemeChooser.swift; sourceTree = "<group>"; };
		384900842B7437C100B7A8A9 /* ThemeEditor.swift */ = {isa = PBXFileReference; lastKnownFileType = sourcecode.swift; path = ThemeEditor.swift; sourceTree = "<group>"; };
		3866480D2B3070CF0048D742 /* Memorize.app */ = {isa = PBXFileReference; explicitFileType = wrapper.application; includeInIndex = 0; path = Memorize.app; sourceTree = BUILT_PRODUCTS_DIR; };
		386648102B3070CF0048D742 /* MemorizeApp.swift */ = {isa = PBXFileReference; lastKnownFileType = sourcecode.swift; path = MemorizeApp.swift; sourceTree = "<group>"; };
		386648122B3070CF0048D742 /* EmojiMemoryGameView.swift */ = {isa = PBXFileReference; lastKnownFileType = sourcecode.swift; path = EmojiMemoryGameView.swift; sourceTree = "<group>"; };
		386648142B3070D10048D742 /* Assets.xcassets */ = {isa = PBXFileReference; lastKnownFileType = folder.assetcatalog; path = Assets.xcassets; sourceTree = "<group>"; };
		386648172B3070D10048D742 /* Preview Assets.xcassets */ = {isa = PBXFileReference; lastKnownFileType = folder.assetcatalog; path = "Preview Assets.xcassets"; sourceTree = "<group>"; };
		38CC6AE12B82ADA10097A878 /* FlyingNumber.swift */ = {isa = PBXFileReference; lastKnownFileType = sourcecode.swift; path = FlyingNumber.swift; sourceTree = "<group>"; };
		38CC6AE32B82B0EE0097A878 /* Cardify.swift */ = {isa = PBXFileReference; lastKnownFileType = sourcecode.swift; path = Cardify.swift; sourceTree = "<group>"; };
		38CC6AE52B82B3680097A878 /* Pie.swift */ = {isa = PBXFileReference; lastKnownFileType = sourcecode.swift; path = Pie.swift; sourceTree = "<group>"; };
		38E2B5D52B83F7600008C3E4 /* CardView.swift */ = {isa = PBXFileReference; lastKnownFileType = sourcecode.swift; path = CardView.swift; sourceTree = "<group>"; };
		38E2B5D72B83FF640008C3E4 /* AspectVGrid.swift */ = {isa = PBXFileReference; lastKnownFileType = sourcecode.swift; path = AspectVGrid.swift; sourceTree = "<group>"; };
/* End PBXFileReference section */

/* Begin PBXFrameworksBuildPhase section */
		3866480A2B3070CF0048D742 /* Frameworks */ = {
			isa = PBXFrameworksBuildPhase;
			buildActionMask = 2147483647;
			files = (
			);
			runOnlyForDeploymentPostprocessing = 0;
		};
/* End PBXFrameworksBuildPhase section */

/* Begin PBXGroup section */
		384900762B73854800B7A8A9 /* Models */ = {
			isa = PBXGroup;
			children = (
				383D47242B378239001CA891 /* MemoryGame.swift */,
				384900782B73858D00B7A8A9 /* ColorRGBA.swift */,
				3849007C2B73887E00B7A8A9 /* Theme.swift */,
			);
			path = Models;
			sourceTree = "<group>";
		};
		384900772B73856100B7A8A9 /* ViewModels */ = {
			isa = PBXGroup;
			children = (
				383D47262B3784AE001CA891 /* EmojiMemoryGame.swift */,
				3849007E2B73AFFE00B7A8A9 /* ThemeStore.swift */,
			);
			path = ViewModels;
			sourceTree = "<group>";
		};
		384900802B73EAAD00B7A8A9 /* Views */ = {
			isa = PBXGroup;
			children = (
				38CC6AE02B82AD840097A878 /* Helpers */,
				386648122B3070CF0048D742 /* EmojiMemoryGameView.swift */,
				384900812B73EAD900B7A8A9 /* ThemeChooser.swift */,
				384900842B7437C100B7A8A9 /* ThemeEditor.swift */,
			);
			path = Views;
			sourceTree = "<group>";
		};
		384900832B74357700B7A8A9 /* Helpers */ = {
			isa = PBXGroup;
			children = (
				3849007A2B73869C00B7A8A9 /* Extensions+Color+Array.swift */,
			);
			path = Helpers;
			sourceTree = "<group>";
		};
		386648042B3070CF0048D742 = {
			isa = PBXGroup;
			children = (
				3866480F2B3070CF0048D742 /* Memorize */,
				3866480E2B3070CF0048D742 /* Products */,
			);
			sourceTree = "<group>";
		};
		3866480E2B3070CF0048D742 /* Products */ = {
			isa = PBXGroup;
			children = (
				3866480D2B3070CF0048D742 /* Memorize.app */,
			);
			name = Products;
			sourceTree = "<group>";
		};
		3866480F2B3070CF0048D742 /* Memorize */ = {
			isa = PBXGroup;
			children = (
				384900832B74357700B7A8A9 /* Helpers */,
				384900802B73EAAD00B7A8A9 /* Views */,
				384900772B73856100B7A8A9 /* ViewModels */,
				384900762B73854800B7A8A9 /* Models */,
				386648102B3070CF0048D742 /* MemorizeApp.swift */,
				386648142B3070D10048D742 /* Assets.xcassets */,
				386648162B3070D10048D742 /* Preview Content */,
			);
			path = Memorize;
			sourceTree = "<group>";
		};
		386648162B3070D10048D742 /* Preview Content */ = {
			isa = PBXGroup;
			children = (
				386648172B3070D10048D742 /* Preview Assets.xcassets */,
			);
			path = "Preview Content";
			sourceTree = "<group>";
		};
		38CC6AE02B82AD840097A878 /* Helpers */ = {
			isa = PBXGroup;
			children = (
				38CC6AE12B82ADA10097A878 /* FlyingNumber.swift */,
				38CC6AE32B82B0EE0097A878 /* Cardify.swift */,
				38CC6AE52B82B3680097A878 /* Pie.swift */,
				38E2B5D52B83F7600008C3E4 /* CardView.swift */,
				38E2B5D72B83FF640008C3E4 /* AspectVGrid.swift */,
			);
			path = Helpers;
			sourceTree = "<group>";
		};
/* End PBXGroup section */

/* Begin PBXNativeTarget section */
		3866480C2B3070CF0048D742 /* Memorize */ = {
			isa = PBXNativeTarget;
			buildConfigurationList = 3866481B2B3070D10048D742 /* Build configuration list for PBXNativeTarget "Memorize" */;
			buildPhases = (
				386648092B3070CF0048D742 /* Sources */,
				3866480A2B3070CF0048D742 /* Frameworks */,
				3866480B2B3070CF0048D742 /* Resources */,
			);
			buildRules = (
			);
			dependencies = (
			);
			name = Memorize;
			productName = Assignment1Memorize;
			productReference = 3866480D2B3070CF0048D742 /* Memorize.app */;
			productType = "com.apple.product-type.application";
		};
/* End PBXNativeTarget section */

/* Begin PBXProject section */
		386648052B3070CF0048D742 /* Project object */ = {
			isa = PBXProject;
			attributes = {
				BuildIndependentTargetsInParallel = 1;
				LastSwiftUpdateCheck = 1510;
				LastUpgradeCheck = 1510;
				TargetAttributes = {
					3866480C2B3070CF0048D742 = {
						CreatedOnToolsVersion = 15.1;
					};
				};
			};
			buildConfigurationList = 386648082B3070CF0048D742 /* Build configuration list for PBXProject "Memorize" */;
			compatibilityVersion = "Xcode 14.0";
			developmentRegion = en;
			hasScannedForEncodings = 0;
			knownRegions = (
				en,
				Base,
			);
			mainGroup = 386648042B3070CF0048D742;
			productRefGroup = 3866480E2B3070CF0048D742 /* Products */;
			projectDirPath = "";
			projectRoot = "";
			targets = (
				3866480C2B3070CF0048D742 /* Memorize */,
			);
		};
/* End PBXProject section */

/* Begin PBXResourcesBuildPhase section */
		3866480B2B3070CF0048D742 /* Resources */ = {
			isa = PBXResourcesBuildPhase;
			buildActionMask = 2147483647;
			files = (
				386648182B3070D10048D742 /* Preview Assets.xcassets in Resources */,
				386648152B3070D10048D742 /* Assets.xcassets in Resources */,
			);
			runOnlyForDeploymentPostprocessing = 0;
		};
/* End PBXResourcesBuildPhase section */

/* Begin PBXSourcesBuildPhase section */
		386648092B3070CF0048D742 /* Sources */ = {
			isa = PBXSourcesBuildPhase;
			buildActionMask = 2147483647;
			files = (
				38E2B5D62B83F7600008C3E4 /* CardView.swift in Sources */,
				386648132B3070CF0048D742 /* EmojiMemoryGameView.swift in Sources */,
				384900822B73EAD900B7A8A9 /* ThemeChooser.swift in Sources */,
				383D47252B378239001CA891 /* MemoryGame.swift in Sources */,
				384900792B73858D00B7A8A9 /* ColorRGBA.swift in Sources */,
				3849007B2B73869C00B7A8A9 /* Extensions+Color+Array.swift in Sources */,
				38CC6AE22B82ADA10097A878 /* FlyingNumber.swift in Sources */,
				38CC6AE42B82B0EE0097A878 /* Cardify.swift in Sources */,
				38E2B5D82B83FF640008C3E4 /* AspectVGrid.swift in Sources */,
				3849007D2B73887E00B7A8A9 /* Theme.swift in Sources */,
				384900852B7437C100B7A8A9 /* ThemeEditor.swift in Sources */,
				386648112B3070CF0048D742 /* MemorizeApp.swift in Sources */,
				38CC6AE62B82B3680097A878 /* Pie.swift in Sources */,
				3849007F2B73AFFE00B7A8A9 /* ThemeStore.swift in Sources */,
				383D47272B3784AE001CA891 /* EmojiMemoryGame.swift in Sources */,
			);
			runOnlyForDeploymentPostprocessing = 0;
		};
/* End PBXSourcesBuildPhase section */

/* Begin XCBuildConfiguration section */
		386648192B3070D10048D742 /* Debug */ = {
			isa = XCBuildConfiguration;
			buildSettings = {
				ALWAYS_SEARCH_USER_PATHS = NO;
				ASSETCATALOG_COMPILER_GENERATE_SWIFT_ASSET_SYMBOL_EXTENSIONS = YES;
				CLANG_ANALYZER_NONNULL = YES;
				CLANG_ANALYZER_NUMBER_OBJECT_CONVERSION = YES_AGGRESSIVE;
				CLANG_CXX_LANGUAGE_STANDARD = "gnu++20";
				CLANG_ENABLE_MODULES = YES;
				CLANG_ENABLE_OBJC_ARC = YES;
				CLANG_ENABLE_OBJC_WEAK = YES;
				CLANG_WARN_BLOCK_CAPTURE_AUTORELEASING = YES;
				CLANG_WARN_BOOL_CONVERSION = YES;
				CLANG_WARN_COMMA = YES;
				CLANG_WARN_CONSTANT_CONVERSION = YES;
				CLANG_WARN_DEPRECATED_OBJC_IMPLEMENTATIONS = YES;
				CLANG_WARN_DIRECT_OBJC_ISA_USAGE = YES_ERROR;
				CLANG_WARN_DOCUMENTATION_COMMENTS = YES;
				CLANG_WARN_EMPTY_BODY = YES;
				CLANG_WARN_ENUM_CONVERSION = YES;
				CLANG_WARN_INFINITE_RECURSION = YES;
				CLANG_WARN_INT_CONVERSION = YES;
				CLANG_WARN_NON_LITERAL_NULL_CONVERSION = YES;
				CLANG_WARN_OBJC_IMPLICIT_RETAIN_SELF = YES;
				CLANG_WARN_OBJC_LITERAL_CONVERSION = YES;
				CLANG_WARN_OBJC_ROOT_CLASS = YES_ERROR;
				CLANG_WARN_QUOTED_INCLUDE_IN_FRAMEWORK_HEADER = YES;
				CLANG_WARN_RANGE_LOOP_ANALYSIS = YES;
				CLANG_WARN_STRICT_PROTOTYPES = YES;
				CLANG_WARN_SUSPICIOUS_MOVE = YES;
				CLANG_WARN_UNGUARDED_AVAILABILITY = YES_AGGRESSIVE;
				CLANG_WARN_UNREACHABLE_CODE = YES;
				CLANG_WARN__DUPLICATE_METHOD_MATCH = YES;
				COPY_PHASE_STRIP = NO;
				DEBUG_INFORMATION_FORMAT = dwarf;
				ENABLE_STRICT_OBJC_MSGSEND = YES;
				ENABLE_TESTABILITY = YES;
				ENABLE_USER_SCRIPT_SANDBOXING = YES;
				GCC_C_LANGUAGE_STANDARD = gnu17;
				GCC_DYNAMIC_NO_PIC = NO;
				GCC_NO_COMMON_BLOCKS = YES;
				GCC_OPTIMIZATION_LEVEL = 0;
				GCC_PREPROCESSOR_DEFINITIONS = (
					"DEBUG=1",
					"$(inherited)",
				);
				GCC_WARN_64_TO_32_BIT_CONVERSION = YES;
				GCC_WARN_ABOUT_RETURN_TYPE = YES_ERROR;
				GCC_WARN_UNDECLARED_SELECTOR = YES;
				GCC_WARN_UNINITIALIZED_AUTOS = YES_AGGRESSIVE;
				GCC_WARN_UNUSED_FUNCTION = YES;
				GCC_WARN_UNUSED_VARIABLE = YES;
				IPHONEOS_DEPLOYMENT_TARGET = 17.2;
				LOCALIZATION_PREFERS_STRING_CATALOGS = YES;
				MTL_ENABLE_DEBUG_INFO = INCLUDE_SOURCE;
				MTL_FAST_MATH = YES;
				ONLY_ACTIVE_ARCH = YES;
				SDKROOT = iphoneos;
				SWIFT_ACTIVE_COMPILATION_CONDITIONS = "DEBUG $(inherited)";
				SWIFT_OPTIMIZATION_LEVEL = "-Onone";
			};
			name = Debug;
		};
		3866481A2B3070D10048D742 /* Release */ = {
			isa = XCBuildConfiguration;
			buildSettings = {
				ALWAYS_SEARCH_USER_PATHS = NO;
				ASSETCATALOG_COMPILER_GENERATE_SWIFT_ASSET_SYMBOL_EXTENSIONS = YES;
				CLANG_ANALYZER_NONNULL = YES;
				CLANG_ANALYZER_NUMBER_OBJECT_CONVERSION = YES_AGGRESSIVE;
				CLANG_CXX_LANGUAGE_STANDARD = "gnu++20";
				CLANG_ENABLE_MODULES = YES;
				CLANG_ENABLE_OBJC_ARC = YES;
				CLANG_ENABLE_OBJC_WEAK = YES;
				CLANG_WARN_BLOCK_CAPTURE_AUTORELEASING = YES;
				CLANG_WARN_BOOL_CONVERSION = YES;
				CLANG_WARN_COMMA = YES;
				CLANG_WARN_CONSTANT_CONVERSION = YES;
				CLANG_WARN_DEPRECATED_OBJC_IMPLEMENTATIONS = YES;
				CLANG_WARN_DIRECT_OBJC_ISA_USAGE = YES_ERROR;
				CLANG_WARN_DOCUMENTATION_COMMENTS = YES;
				CLANG_WARN_EMPTY_BODY = YES;
				CLANG_WARN_ENUM_CONVERSION = YES;
				CLANG_WARN_INFINITE_RECURSION = YES;
				CLANG_WARN_INT_CONVERSION = YES;
				CLANG_WARN_NON_LITERAL_NULL_CONVERSION = YES;
				CLANG_WARN_OBJC_IMPLICIT_RETAIN_SELF = YES;
				CLANG_WARN_OBJC_LITERAL_CONVERSION = YES;
				CLANG_WARN_OBJC_ROOT_CLASS = YES_ERROR;
				CLANG_WARN_QUOTED_INCLUDE_IN_FRAMEWORK_HEADER = YES;
				CLANG_WARN_RANGE_LOOP_ANALYSIS = YES;
				CLANG_WARN_STRICT_PROTOTYPES = YES;
				CLANG_WARN_SUSPICIOUS_MOVE = YES;
				CLANG_WARN_UNGUARDED_AVAILABILITY = YES_AGGRESSIVE;
				CLANG_WARN_UNREACHABLE_CODE = YES;
				CLANG_WARN__DUPLICATE_METHOD_MATCH = YES;
				COPY_PHASE_STRIP = NO;
				DEBUG_INFORMATION_FORMAT = "dwarf-with-dsym";
				ENABLE_NS_ASSERTIONS = NO;
				ENABLE_STRICT_OBJC_MSGSEND = YES;
				ENABLE_USER_SCRIPT_SANDBOXING = YES;
				GCC_C_LANGUAGE_STANDARD = gnu17;
				GCC_NO_COMMON_BLOCKS = YES;
				GCC_WARN_64_TO_32_BIT_CONVERSION = YES;
				GCC_WARN_ABOUT_RETURN_TYPE = YES_ERROR;
				GCC_WARN_UNDECLARED_SELECTOR = YES;
				GCC_WARN_UNINITIALIZED_AUTOS = YES_AGGRESSIVE;
				GCC_WARN_UNUSED_FUNCTION = YES;
				GCC_WARN_UNUSED_VARIABLE = YES;
				IPHONEOS_DEPLOYMENT_TARGET = 17.2;
				LOCALIZATION_PREFERS_STRING_CATALOGS = YES;
				MTL_ENABLE_DEBUG_INFO = NO;
				MTL_FAST_MATH = YES;
				SDKROOT = iphoneos;
				SWIFT_COMPILATION_MODE = wholemodule;
				VALIDATE_PRODUCT = YES;
			};
			name = Release;
		};
		3866481C2B3070D10048D742 /* Debug */ = {
			isa = XCBuildConfiguration;
			buildSettings = {
				ASSETCATALOG_COMPILER_APPICON_NAME = AppIcon;
				ASSETCATALOG_COMPILER_GLOBAL_ACCENT_COLOR_NAME = AccentColor;
				CODE_SIGN_STYLE = Automatic;
				CURRENT_PROJECT_VERSION = 1;
				DEVELOPMENT_ASSET_PATHS = "\"Memorize/Preview Content\"";
				ENABLE_PREVIEWS = YES;
				GENERATE_INFOPLIST_FILE = YES;
				INFOPLIST_KEY_UIApplicationSceneManifest_Generation = YES;
				INFOPLIST_KEY_UIApplicationSupportsIndirectInputEvents = YES;
				INFOPLIST_KEY_UILaunchScreen_Generation = YES;
				INFOPLIST_KEY_UISupportedInterfaceOrientations_iPad = "UIInterfaceOrientationPortrait UIInterfaceOrientationPortraitUpsideDown UIInterfaceOrientationLandscapeLeft UIInterfaceOrientationLandscapeRight";
				INFOPLIST_KEY_UISupportedInterfaceOrientations_iPhone = "UIInterfaceOrientationPortrait UIInterfaceOrientationLandscapeLeft UIInterfaceOrientationLandscapeRight";
				LD_RUNPATH_SEARCH_PATHS = (
					"$(inherited)",
					"@executable_path/Frameworks",
				);
				MARKETING_VERSION = 1.0;
				PRODUCT_BUNDLE_IDENTIFIER = Vosik.Assignment1Memorize;
				PRODUCT_NAME = "$(TARGET_NAME)";
				SWIFT_EMIT_LOC_STRINGS = YES;
				SWIFT_VERSION = 5.0;
				TARGETED_DEVICE_FAMILY = "1,2";
			};
			name = Debug;
		};
		3866481D2B3070D10048D742 /* Release */ = {
			isa = XCBuildConfiguration;
			buildSettings = {
				ASSETCATALOG_COMPILER_APPICON_NAME = AppIcon;
				ASSETCATALOG_COMPILER_GLOBAL_ACCENT_COLOR_NAME = AccentColor;
				CODE_SIGN_STYLE = Automatic;
				CURRENT_PROJECT_VERSION = 1;
				DEVELOPMENT_ASSET_PATHS = "\"Memorize/Preview Content\"";
				ENABLE_PREVIEWS = YES;
				GENERATE_INFOPLIST_FILE = YES;
				INFOPLIST_KEY_UIApplicationSceneManifest_Generation = YES;
				INFOPLIST_KEY_UIApplicationSupportsIndirectInputEvents = YES;
				INFOPLIST_KEY_UILaunchScreen_Generation = YES;
				INFOPLIST_KEY_UISupportedInterfaceOrientations_iPad = "UIInterfaceOrientationPortrait UIInterfaceOrientationPortraitUpsideDown UIInterfaceOrientationLandscapeLeft UIInterfaceOrientationLandscapeRight";
				INFOPLIST_KEY_UISupportedInterfaceOrientations_iPhone = "UIInterfaceOrientationPortrait UIInterfaceOrientationLandscapeLeft UIInterfaceOrientationLandscapeRight";
				LD_RUNPATH_SEARCH_PATHS = (
					"$(inherited)",
					"@executable_path/Frameworks",
				);
				MARKETING_VERSION = 1.0;
				PRODUCT_BUNDLE_IDENTIFIER = Vosik.Assignment1Memorize;
				PRODUCT_NAME = "$(TARGET_NAME)";
				SWIFT_EMIT_LOC_STRINGS = YES;
				SWIFT_VERSION = 5.0;
				TARGETED_DEVICE_FAMILY = "1,2";
			};
			name = Release;
		};
/* End XCBuildConfiguration section */

/* Begin XCConfigurationList section */
		386648082B3070CF0048D742 /* Build configuration list for PBXProject "Memorize" */ = {
			isa = XCConfigurationList;
			buildConfigurations = (
				386648192B3070D10048D742 /* Debug */,
				3866481A2B3070D10048D742 /* Release */,
			);
			defaultConfigurationIsVisible = 0;
			defaultConfigurationName = Release;
		};
		3866481B2B3070D10048D742 /* Build configuration list for PBXNativeTarget "Memorize" */ = {
			isa = XCConfigurationList;
			buildConfigurations = (
				3866481C2B3070D10048D742 /* Debug */,
				3866481D2B3070D10048D742 /* Release */,
			);
			defaultConfigurationIsVisible = 0;
			defaultConfigurationName = Release;
		};
/* End XCConfigurationList section */
	};
	rootObject = 386648052B3070CF0048D742 /* Project object */;
}
